// !$*UTF8*$!
{
	archiveVersion = 1;
	classes = {
	};
	objectVersion = 77;
	objects = {

/* Begin PBXBuildFile section */
		0E3256092E04BFA100586020 /* KeyWalletFFISwift in Frameworks */ = {isa = PBXBuildFile; productRef = 0E3256082E04BFA100586020 /* KeyWalletFFISwift */; };
		0E32560B2E04BFA100586020 /* SwiftDashCoreSDK in Frameworks */ = {isa = PBXBuildFile; productRef = 0E32560A2E04BFA100586020 /* SwiftDashCoreSDK */; };
		0E32560E2E04C19300586020 /* libdash_spv_ffi_sim.a in Frameworks */ = {isa = PBXBuildFile; fileRef = 0E3255FF2E04B2F700586020 /* libdash_spv_ffi_sim.a */; };
		0E32560F2E04C19300586020 /* libkey_wallet_ffi_sim.a in Frameworks */ = {isa = PBXBuildFile; fileRef = 0E3256002E04B2F700586020 /* libkey_wallet_ffi_sim.a */; };
		0E60119C2E05A22900D9DC24 /* SwiftDashCoreSDK in Frameworks */ = {isa = PBXBuildFile; productRef = 0EA60EAA2E03663C00FEF2E0 /* SwiftDashCoreSDK */; };
/* End PBXBuildFile section */

/* Begin PBXContainerItemProxy section */
		0EC7BDF02E035CC6004C4AEE /* PBXContainerItemProxy */ = {
			isa = PBXContainerItemProxy;
			containerPortal = 0EC7BDDA2E035CC5004C4AEE /* Project object */;
			proxyType = 1;
			remoteGlobalIDString = 0EC7BDE12E035CC5004C4AEE;
			remoteInfo = DashHDWalletExample;
		};
		0EC7BDFA2E035CC6004C4AEE /* PBXContainerItemProxy */ = {
			isa = PBXContainerItemProxy;
			containerPortal = 0EC7BDDA2E035CC5004C4AEE /* Project object */;
			proxyType = 1;
			remoteGlobalIDString = 0EC7BDE12E035CC5004C4AEE;
			remoteInfo = DashHDWalletExample;
		};
/* End PBXContainerItemProxy section */

/* Begin PBXFileReference section */
		0E3255FA2E04B28300586020 /* libdash_spv_ffi.a */ = {isa = PBXFileReference; lastKnownFileType = archive.ar; name = libdash_spv_ffi.a; path = ../../libdash_spv_ffi.a; sourceTree = "<group>"; };
		0E3255FD2E04B2B200586020 /* libkey_wallet_ffi.a */ = {isa = PBXFileReference; lastKnownFileType = archive.ar; name = libkey_wallet_ffi.a; path = ../../libkey_wallet_ffi.a; sourceTree = "<group>"; };
		0E3255FF2E04B2F700586020 /* libdash_spv_ffi_sim.a */ = {isa = PBXFileReference; lastKnownFileType = archive.ar; path = libdash_spv_ffi_sim.a; sourceTree = "<group>"; };
		0E3256002E04B2F700586020 /* libkey_wallet_ffi_sim.a */ = {isa = PBXFileReference; lastKnownFileType = archive.ar; path = libkey_wallet_ffi_sim.a; sourceTree = "<group>"; };
		0E4BCCC92E045ED900A500C7 /* libdash_spv_ffi.a */ = {isa = PBXFileReference; lastKnownFileType = archive.ar; name = libdash_spv_ffi.a; path = "../../../target/aarch64-apple-ios-sim/release/libdash_spv_ffi.a"; sourceTree = "<group>"; };
		0E4BCCCB2E045EEE00A500C7 /* libkey_wallet_ffi.dylib */ = {isa = PBXFileReference; lastKnownFileType = "compiled.mach-o.dylib"; name = libkey_wallet_ffi.dylib; path = "../../../target/aarch64-apple-ios-sim/release/libkey_wallet_ffi.dylib"; sourceTree = "<group>"; };
		0E4BCCCC2E045EEE00A500C7 /* libkey_wallet_ffi.d */ = {isa = PBXFileReference; lastKnownFileType = sourcecode.dtrace; name = libkey_wallet_ffi.d; path = "../../../target/aarch64-apple-ios-sim/release/libkey_wallet_ffi.d"; sourceTree = "<group>"; };
		0E4BCCCD2E045EEE00A500C7 /* libdash_spv_ffi.d */ = {isa = PBXFileReference; lastKnownFileType = sourcecode.dtrace; name = libdash_spv_ffi.d; path = "../../../target/aarch64-apple-ios-sim/release/libdash_spv_ffi.d"; sourceTree = "<group>"; };
		0E4BCCCE2E045EEE00A500C7 /* libdash_spv_ffi.dylib */ = {isa = PBXFileReference; lastKnownFileType = "compiled.mach-o.dylib"; name = libdash_spv_ffi.dylib; path = "../../../target/aarch64-apple-ios-sim/release/libdash_spv_ffi.dylib"; sourceTree = "<group>"; };
		0E4BCCCF2E045EEE00A500C7 /* libkey_wallet_ffi.a */ = {isa = PBXFileReference; lastKnownFileType = archive.ar; name = libkey_wallet_ffi.a; path = "../../../target/aarch64-apple-ios-sim/release/libkey_wallet_ffi.a"; sourceTree = "<group>"; };
		0E4BCCD02E045EEE00A500C7 /* libdash_spv_ffi.rlib */ = {isa = PBXFileReference; lastKnownFileType = archive.ar; name = libdash_spv_ffi.rlib; path = "../../../target/aarch64-apple-ios-sim/release/libdash_spv_ffi.rlib"; sourceTree = "<group>"; };
		0E4BCCD12E045EEE00A500C7 /* libkey_wallet_ffi.rlib */ = {isa = PBXFileReference; lastKnownFileType = archive.ar; name = libkey_wallet_ffi.rlib; path = "../../../target/aarch64-apple-ios-sim/release/libkey_wallet_ffi.rlib"; sourceTree = "<group>"; };
		0E4BCCD32E045F3000A500C7 /* libdash_spv_ffi.a */ = {isa = PBXFileReference; lastKnownFileType = archive.ar; path = libdash_spv_ffi.a; sourceTree = "<group>"; };
		0EA60EAD2E03673B00FEF2E0 /* libdash_spv_ffi.d */ = {isa = PBXFileReference; lastKnownFileType = sourcecode.dtrace; name = libdash_spv_ffi.d; path = "../../../target/aarch64-apple-ios/release/libdash_spv_ffi.d"; sourceTree = "<group>"; };
		0EA60EAE2E03673B00FEF2E0 /* libdash_spv_ffi.dylib */ = {isa = PBXFileReference; lastKnownFileType = "compiled.mach-o.dylib"; name = libdash_spv_ffi.dylib; path = "../../../target/aarch64-apple-ios/release/libdash_spv_ffi.dylib"; sourceTree = "<group>"; };
		0EA60EAF2E03673B00FEF2E0 /* libkey_wallet_ffi.a */ = {isa = PBXFileReference; lastKnownFileType = archive.ar; name = libkey_wallet_ffi.a; path = "../../../target/aarch64-apple-ios/release/libkey_wallet_ffi.a"; sourceTree = "<group>"; };
		0EA60EB02E03673B00FEF2E0 /* libkey_wallet_ffi.rlib */ = {isa = PBXFileReference; lastKnownFileType = archive.ar; name = libkey_wallet_ffi.rlib; path = "../../../target/aarch64-apple-ios/release/libkey_wallet_ffi.rlib"; sourceTree = "<group>"; };
		0EA60EB12E03673B00FEF2E0 /* libkey_wallet_ffi.dylib */ = {isa = PBXFileReference; lastKnownFileType = "compiled.mach-o.dylib"; name = libkey_wallet_ffi.dylib; path = "../../../target/aarch64-apple-ios/release/libkey_wallet_ffi.dylib"; sourceTree = "<group>"; };
		0EA60EB22E03673B00FEF2E0 /* libdash_spv_ffi.rlib */ = {isa = PBXFileReference; lastKnownFileType = archive.ar; name = libdash_spv_ffi.rlib; path = "../../../target/aarch64-apple-ios/release/libdash_spv_ffi.rlib"; sourceTree = "<group>"; };
		0EA60EB32E03673B00FEF2E0 /* libdash_spv_ffi.a */ = {isa = PBXFileReference; lastKnownFileType = archive.ar; name = libdash_spv_ffi.a; path = "../../../target/aarch64-apple-ios/release/libdash_spv_ffi.a"; sourceTree = "<group>"; };
		0EA60EB42E03673B00FEF2E0 /* libkey_wallet_ffi.d */ = {isa = PBXFileReference; lastKnownFileType = sourcecode.dtrace; name = libkey_wallet_ffi.d; path = "../../../target/aarch64-apple-ios/release/libkey_wallet_ffi.d"; sourceTree = "<group>"; };
		0EC7BDE22E035CC5004C4AEE /* DashHDWalletExample.app */ = {isa = PBXFileReference; explicitFileType = wrapper.application; includeInIndex = 0; path = DashHDWalletExample.app; sourceTree = BUILT_PRODUCTS_DIR; };
		0EC7BDEF2E035CC6004C4AEE /* DashHDWalletExampleTests.xctest */ = {isa = PBXFileReference; explicitFileType = wrapper.cfbundle; includeInIndex = 0; path = DashHDWalletExampleTests.xctest; sourceTree = BUILT_PRODUCTS_DIR; };
		0EC7BDF92E035CC6004C4AEE /* DashHDWalletExampleUITests.xctest */ = {isa = PBXFileReference; explicitFileType = wrapper.cfbundle; includeInIndex = 0; path = DashHDWalletExampleUITests.xctest; sourceTree = BUILT_PRODUCTS_DIR; };
/* End PBXFileReference section */

/* Begin PBXFileSystemSynchronizedRootGroup section */
		0EC7BDE42E035CC5004C4AEE /* DashHDWalletExample */ = {
			isa = PBXFileSystemSynchronizedRootGroup;
			path = DashHDWalletExample;
			sourceTree = "<group>";
		};
		0EC7BDF22E035CC6004C4AEE /* DashHDWalletExampleTests */ = {
			isa = PBXFileSystemSynchronizedRootGroup;
			path = DashHDWalletExampleTests;
			sourceTree = "<group>";
		};
		0EC7BDFC2E035CC6004C4AEE /* DashHDWalletExampleUITests */ = {
			isa = PBXFileSystemSynchronizedRootGroup;
			path = DashHDWalletExampleUITests;
			sourceTree = "<group>";
		};
/* End PBXFileSystemSynchronizedRootGroup section */

/* Begin PBXFrameworksBuildPhase section */
		0EC7BDDF2E035CC5004C4AEE /* Frameworks */ = {
			isa = PBXFrameworksBuildPhase;
			buildActionMask = 2147483647;
			files = (
				0E60119C2E05A22900D9DC24 /* SwiftDashCoreSDK in Frameworks */,
				0E32560B2E04BFA100586020 /* SwiftDashCoreSDK in Frameworks */,
				0E32560E2E04C19300586020 /* libdash_spv_ffi_sim.a in Frameworks */,
				0E32560F2E04C19300586020 /* libkey_wallet_ffi_sim.a in Frameworks */,
				0E3256092E04BFA100586020 /* KeyWalletFFISwift in Frameworks */,
			);
			runOnlyForDeploymentPostprocessing = 0;
		};
		0EC7BDEC2E035CC6004C4AEE /* Frameworks */ = {
			isa = PBXFrameworksBuildPhase;
			buildActionMask = 2147483647;
			files = (
			);
			runOnlyForDeploymentPostprocessing = 0;
		};
		0EC7BDF62E035CC6004C4AEE /* Frameworks */ = {
			isa = PBXFrameworksBuildPhase;
			buildActionMask = 2147483647;
			files = (
			);
			runOnlyForDeploymentPostprocessing = 0;
		};
/* End PBXFrameworksBuildPhase section */

/* Begin PBXGroup section */
		0EA60EAC2E03673B00FEF2E0 /* Frameworks */ = {
			isa = PBXGroup;
			children = (
				0E3255FF2E04B2F700586020 /* libdash_spv_ffi_sim.a */,
				0E3256002E04B2F700586020 /* libkey_wallet_ffi_sim.a */,
				0E3255FD2E04B2B200586020 /* libkey_wallet_ffi.a */,
				0E4BCCD32E045F3000A500C7 /* libdash_spv_ffi.a */,
				0E3255FA2E04B28300586020 /* libdash_spv_ffi.a */,
				0E4BCCCD2E045EEE00A500C7 /* libdash_spv_ffi.d */,
				0E4BCCCE2E045EEE00A500C7 /* libdash_spv_ffi.dylib */,
				0E4BCCD02E045EEE00A500C7 /* libdash_spv_ffi.rlib */,
				0E4BCCCF2E045EEE00A500C7 /* libkey_wallet_ffi.a */,
				0E4BCCCC2E045EEE00A500C7 /* libkey_wallet_ffi.d */,
				0E4BCCCB2E045EEE00A500C7 /* libkey_wallet_ffi.dylib */,
				0E4BCCD12E045EEE00A500C7 /* libkey_wallet_ffi.rlib */,
				0EA60EB32E03673B00FEF2E0 /* libdash_spv_ffi.a */,
				0E4BCCC92E045ED900A500C7 /* libdash_spv_ffi.a */,
				0EA60EAD2E03673B00FEF2E0 /* libdash_spv_ffi.d */,
				0EA60EAE2E03673B00FEF2E0 /* libdash_spv_ffi.dylib */,
				0EA60EB22E03673B00FEF2E0 /* libdash_spv_ffi.rlib */,
				0EA60EAF2E03673B00FEF2E0 /* libkey_wallet_ffi.a */,
				0EA60EB42E03673B00FEF2E0 /* libkey_wallet_ffi.d */,
				0EA60EB12E03673B00FEF2E0 /* libkey_wallet_ffi.dylib */,
				0EA60EB02E03673B00FEF2E0 /* libkey_wallet_ffi.rlib */,
			);
			name = Frameworks;
			sourceTree = "<group>";
		};
		0EC7BDD92E035CC5004C4AEE = {
			isa = PBXGroup;
			children = (
				0EC7BDE42E035CC5004C4AEE /* DashHDWalletExample */,
				0EC7BDF22E035CC6004C4AEE /* DashHDWalletExampleTests */,
				0EC7BDFC2E035CC6004C4AEE /* DashHDWalletExampleUITests */,
				0EA60EAC2E03673B00FEF2E0 /* Frameworks */,
				0EC7BDE32E035CC5004C4AEE /* Products */,
			);
			sourceTree = "<group>";
		};
		0EC7BDE32E035CC5004C4AEE /* Products */ = {
			isa = PBXGroup;
			children = (
				0EC7BDE22E035CC5004C4AEE /* DashHDWalletExample.app */,
				0EC7BDEF2E035CC6004C4AEE /* DashHDWalletExampleTests.xctest */,
				0EC7BDF92E035CC6004C4AEE /* DashHDWalletExampleUITests.xctest */,
			);
			name = Products;
			sourceTree = "<group>";
		};
/* End PBXGroup section */

/* Begin PBXNativeTarget section */
		0EC7BDE12E035CC5004C4AEE /* DashHDWalletExample */ = {
			isa = PBXNativeTarget;
			buildConfigurationList = 0EC7BE032E035CC6004C4AEE /* Build configuration list for PBXNativeTarget "DashHDWalletExample" */;
			buildPhases = (
				0EC7BDDE2E035CC5004C4AEE /* Sources */,
				0EC7BDDF2E035CC5004C4AEE /* Frameworks */,
				0EC7BDE02E035CC5004C4AEE /* Resources */,
			);
			buildRules = (
			);
			dependencies = (
			);
			fileSystemSynchronizedGroups = (
				0EC7BDE42E035CC5004C4AEE /* DashHDWalletExample */,
			);
			name = DashHDWalletExample;
			packageProductDependencies = (
				0EA60EAA2E03663C00FEF2E0 /* SwiftDashCoreSDK */,
				0E3256082E04BFA100586020 /* KeyWalletFFISwift */,
				0E32560A2E04BFA100586020 /* SwiftDashCoreSDK */,
			);
			productName = DashHDWalletExample;
			productReference = 0EC7BDE22E035CC5004C4AEE /* DashHDWalletExample.app */;
			productType = "com.apple.product-type.application";
		};
		0EC7BDEE2E035CC6004C4AEE /* DashHDWalletExampleTests */ = {
			isa = PBXNativeTarget;
			buildConfigurationList = 0EC7BE062E035CC6004C4AEE /* Build configuration list for PBXNativeTarget "DashHDWalletExampleTests" */;
			buildPhases = (
				0EC7BDEB2E035CC6004C4AEE /* Sources */,
				0EC7BDEC2E035CC6004C4AEE /* Frameworks */,
				0EC7BDED2E035CC6004C4AEE /* Resources */,
			);
			buildRules = (
			);
			dependencies = (
				0EC7BDF12E035CC6004C4AEE /* PBXTargetDependency */,
			);
			fileSystemSynchronizedGroups = (
				0EC7BDF22E035CC6004C4AEE /* DashHDWalletExampleTests */,
			);
			name = DashHDWalletExampleTests;
			packageProductDependencies = (
			);
			productName = DashHDWalletExampleTests;
			productReference = 0EC7BDEF2E035CC6004C4AEE /* DashHDWalletExampleTests.xctest */;
			productType = "com.apple.product-type.bundle.unit-test";
		};
		0EC7BDF82E035CC6004C4AEE /* DashHDWalletExampleUITests */ = {
			isa = PBXNativeTarget;
			buildConfigurationList = 0EC7BE092E035CC6004C4AEE /* Build configuration list for PBXNativeTarget "DashHDWalletExampleUITests" */;
			buildPhases = (
				0EC7BDF52E035CC6004C4AEE /* Sources */,
				0EC7BDF62E035CC6004C4AEE /* Frameworks */,
				0EC7BDF72E035CC6004C4AEE /* Resources */,
			);
			buildRules = (
			);
			dependencies = (
				0EC7BDFB2E035CC6004C4AEE /* PBXTargetDependency */,
			);
			fileSystemSynchronizedGroups = (
				0EC7BDFC2E035CC6004C4AEE /* DashHDWalletExampleUITests */,
			);
			name = DashHDWalletExampleUITests;
			packageProductDependencies = (
			);
			productName = DashHDWalletExampleUITests;
			productReference = 0EC7BDF92E035CC6004C4AEE /* DashHDWalletExampleUITests.xctest */;
			productType = "com.apple.product-type.bundle.ui-testing";
		};
/* End PBXNativeTarget section */

/* Begin PBXProject section */
		0EC7BDDA2E035CC5004C4AEE /* Project object */ = {
			isa = PBXProject;
			attributes = {
				BuildIndependentTargetsInParallel = 1;
				LastSwiftUpdateCheck = 1640;
				LastUpgradeCheck = 1640;
				TargetAttributes = {
					0EC7BDE12E035CC5004C4AEE = {
						CreatedOnToolsVersion = 16.4;
					};
					0EC7BDEE2E035CC6004C4AEE = {
						CreatedOnToolsVersion = 16.4;
						TestTargetID = 0EC7BDE12E035CC5004C4AEE;
					};
					0EC7BDF82E035CC6004C4AEE = {
						CreatedOnToolsVersion = 16.4;
						TestTargetID = 0EC7BDE12E035CC5004C4AEE;
					};
				};
			};
			buildConfigurationList = 0EC7BDDD2E035CC5004C4AEE /* Build configuration list for PBXProject "DashHDWalletExample" */;
			developmentRegion = en;
			hasScannedForEncodings = 0;
			knownRegions = (
				en,
				Base,
			);
			mainGroup = 0EC7BDD92E035CC5004C4AEE;
			minimizedProjectReferenceProxies = 1;
			packageReferences = (
				0E3256072E04BFA100586020 /* XCLocalSwiftPackageReference "../../../swift-dash-core-sdk" */,
			);
			preferredProjectObjectVersion = 77;
			productRefGroup = 0EC7BDE32E035CC5004C4AEE /* Products */;
			projectDirPath = "";
			projectRoot = "";
			targets = (
				0EC7BDE12E035CC5004C4AEE /* DashHDWalletExample */,
				0EC7BDEE2E035CC6004C4AEE /* DashHDWalletExampleTests */,
				0EC7BDF82E035CC6004C4AEE /* DashHDWalletExampleUITests */,
			);
		};
/* End PBXProject section */

/* Begin PBXResourcesBuildPhase section */
		0EC7BDE02E035CC5004C4AEE /* Resources */ = {
			isa = PBXResourcesBuildPhase;
			buildActionMask = 2147483647;
			files = (
			);
			runOnlyForDeploymentPostprocessing = 0;
		};
		0EC7BDED2E035CC6004C4AEE /* Resources */ = {
			isa = PBXResourcesBuildPhase;
			buildActionMask = 2147483647;
			files = (
			);
			runOnlyForDeploymentPostprocessing = 0;
		};
		0EC7BDF72E035CC6004C4AEE /* Resources */ = {
			isa = PBXResourcesBuildPhase;
			buildActionMask = 2147483647;
			files = (
			);
			runOnlyForDeploymentPostprocessing = 0;
		};
/* End PBXResourcesBuildPhase section */

/* Begin PBXSourcesBuildPhase section */
		0EC7BDDE2E035CC5004C4AEE /* Sources */ = {
			isa = PBXSourcesBuildPhase;
			buildActionMask = 2147483647;
			files = (
			);
			runOnlyForDeploymentPostprocessing = 0;
		};
		0EC7BDEB2E035CC6004C4AEE /* Sources */ = {
			isa = PBXSourcesBuildPhase;
			buildActionMask = 2147483647;
			files = (
			);
			runOnlyForDeploymentPostprocessing = 0;
		};
		0EC7BDF52E035CC6004C4AEE /* Sources */ = {
			isa = PBXSourcesBuildPhase;
			buildActionMask = 2147483647;
			files = (
			);
			runOnlyForDeploymentPostprocessing = 0;
		};
/* End PBXSourcesBuildPhase section */

/* Begin PBXTargetDependency section */
		0EC7BDF12E035CC6004C4AEE /* PBXTargetDependency */ = {
			isa = PBXTargetDependency;
			target = 0EC7BDE12E035CC5004C4AEE /* DashHDWalletExample */;
			targetProxy = 0EC7BDF02E035CC6004C4AEE /* PBXContainerItemProxy */;
		};
		0EC7BDFB2E035CC6004C4AEE /* PBXTargetDependency */ = {
			isa = PBXTargetDependency;
			target = 0EC7BDE12E035CC5004C4AEE /* DashHDWalletExample */;
			targetProxy = 0EC7BDFA2E035CC6004C4AEE /* PBXContainerItemProxy */;
		};
/* End PBXTargetDependency section */

/* Begin XCBuildConfiguration section */
		0EC7BE012E035CC6004C4AEE /* Debug */ = {
			isa = XCBuildConfiguration;
			buildSettings = {
				ALWAYS_SEARCH_USER_PATHS = NO;
				ASSETCATALOG_COMPILER_GENERATE_SWIFT_ASSET_SYMBOL_EXTENSIONS = YES;
				CLANG_ANALYZER_NONNULL = YES;
				CLANG_ANALYZER_NUMBER_OBJECT_CONVERSION = YES_AGGRESSIVE;
				CLANG_CXX_LANGUAGE_STANDARD = "gnu++20";
				CLANG_ENABLE_MODULES = YES;
				CLANG_ENABLE_OBJC_ARC = YES;
				CLANG_ENABLE_OBJC_WEAK = YES;
				CLANG_WARN_BLOCK_CAPTURE_AUTORELEASING = YES;
				CLANG_WARN_BOOL_CONVERSION = YES;
				CLANG_WARN_COMMA = YES;
				CLANG_WARN_CONSTANT_CONVERSION = YES;
				CLANG_WARN_DEPRECATED_OBJC_IMPLEMENTATIONS = YES;
				CLANG_WARN_DIRECT_OBJC_ISA_USAGE = YES_ERROR;
				CLANG_WARN_DOCUMENTATION_COMMENTS = YES;
				CLANG_WARN_EMPTY_BODY = YES;
				CLANG_WARN_ENUM_CONVERSION = YES;
				CLANG_WARN_INFINITE_RECURSION = YES;
				CLANG_WARN_INT_CONVERSION = YES;
				CLANG_WARN_NON_LITERAL_NULL_CONVERSION = YES;
				CLANG_WARN_OBJC_IMPLICIT_RETAIN_SELF = YES;
				CLANG_WARN_OBJC_LITERAL_CONVERSION = YES;
				CLANG_WARN_OBJC_ROOT_CLASS = YES_ERROR;
				CLANG_WARN_QUOTED_INCLUDE_IN_FRAMEWORK_HEADER = YES;
				CLANG_WARN_RANGE_LOOP_ANALYSIS = YES;
				CLANG_WARN_STRICT_PROTOTYPES = YES;
				CLANG_WARN_SUSPICIOUS_MOVE = YES;
				CLANG_WARN_UNGUARDED_AVAILABILITY = YES_AGGRESSIVE;
				CLANG_WARN_UNREACHABLE_CODE = YES;
				CLANG_WARN__DUPLICATE_METHOD_MATCH = YES;
				COPY_PHASE_STRIP = NO;
				DEBUG_INFORMATION_FORMAT = dwarf;
				ENABLE_STRICT_OBJC_MSGSEND = YES;
				ENABLE_TESTABILITY = YES;
				ENABLE_USER_SCRIPT_SANDBOXING = YES;
				GCC_C_LANGUAGE_STANDARD = gnu17;
				GCC_DYNAMIC_NO_PIC = NO;
				GCC_NO_COMMON_BLOCKS = YES;
				GCC_OPTIMIZATION_LEVEL = 0;
				GCC_PREPROCESSOR_DEFINITIONS = (
					"DEBUG=1",
					"$(inherited)",
				);
				GCC_WARN_64_TO_32_BIT_CONVERSION = YES;
				GCC_WARN_ABOUT_RETURN_TYPE = YES_ERROR;
				GCC_WARN_UNDECLARED_SELECTOR = YES;
				GCC_WARN_UNINITIALIZED_AUTOS = YES_AGGRESSIVE;
				GCC_WARN_UNUSED_FUNCTION = YES;
				GCC_WARN_UNUSED_VARIABLE = YES;
				IPHONEOS_DEPLOYMENT_TARGET = 18.5;
				LOCALIZATION_PREFERS_STRING_CATALOGS = YES;
				MTL_ENABLE_DEBUG_INFO = INCLUDE_SOURCE;
				MTL_FAST_MATH = YES;
				ONLY_ACTIVE_ARCH = YES;
				SDKROOT = iphoneos;
				SWIFT_ACTIVE_COMPILATION_CONDITIONS = "DEBUG $(inherited)";
				SWIFT_OPTIMIZATION_LEVEL = "-Onone";
			};
			name = Debug;
		};
		0EC7BE022E035CC6004C4AEE /* Release */ = {
			isa = XCBuildConfiguration;
			buildSettings = {
				ALWAYS_SEARCH_USER_PATHS = NO;
				ASSETCATALOG_COMPILER_GENERATE_SWIFT_ASSET_SYMBOL_EXTENSIONS = YES;
				CLANG_ANALYZER_NONNULL = YES;
				CLANG_ANALYZER_NUMBER_OBJECT_CONVERSION = YES_AGGRESSIVE;
				CLANG_CXX_LANGUAGE_STANDARD = "gnu++20";
				CLANG_ENABLE_MODULES = YES;
				CLANG_ENABLE_OBJC_ARC = YES;
				CLANG_ENABLE_OBJC_WEAK = YES;
				CLANG_WARN_BLOCK_CAPTURE_AUTORELEASING = YES;
				CLANG_WARN_BOOL_CONVERSION = YES;
				CLANG_WARN_COMMA = YES;
				CLANG_WARN_CONSTANT_CONVERSION = YES;
				CLANG_WARN_DEPRECATED_OBJC_IMPLEMENTATIONS = YES;
				CLANG_WARN_DIRECT_OBJC_ISA_USAGE = YES_ERROR;
				CLANG_WARN_DOCUMENTATION_COMMENTS = YES;
				CLANG_WARN_EMPTY_BODY = YES;
				CLANG_WARN_ENUM_CONVERSION = YES;
				CLANG_WARN_INFINITE_RECURSION = YES;
				CLANG_WARN_INT_CONVERSION = YES;
				CLANG_WARN_NON_LITERAL_NULL_CONVERSION = YES;
				CLANG_WARN_OBJC_IMPLICIT_RETAIN_SELF = YES;
				CLANG_WARN_OBJC_LITERAL_CONVERSION = YES;
				CLANG_WARN_OBJC_ROOT_CLASS = YES_ERROR;
				CLANG_WARN_QUOTED_INCLUDE_IN_FRAMEWORK_HEADER = YES;
				CLANG_WARN_RANGE_LOOP_ANALYSIS = YES;
				CLANG_WARN_STRICT_PROTOTYPES = YES;
				CLANG_WARN_SUSPICIOUS_MOVE = YES;
				CLANG_WARN_UNGUARDED_AVAILABILITY = YES_AGGRESSIVE;
				CLANG_WARN_UNREACHABLE_CODE = YES;
				CLANG_WARN__DUPLICATE_METHOD_MATCH = YES;
				COPY_PHASE_STRIP = NO;
				DEBUG_INFORMATION_FORMAT = "dwarf-with-dsym";
				ENABLE_NS_ASSERTIONS = NO;
				ENABLE_STRICT_OBJC_MSGSEND = YES;
				ENABLE_USER_SCRIPT_SANDBOXING = YES;
				GCC_C_LANGUAGE_STANDARD = gnu17;
				GCC_NO_COMMON_BLOCKS = YES;
				GCC_WARN_64_TO_32_BIT_CONVERSION = YES;
				GCC_WARN_ABOUT_RETURN_TYPE = YES_ERROR;
				GCC_WARN_UNDECLARED_SELECTOR = YES;
				GCC_WARN_UNINITIALIZED_AUTOS = YES_AGGRESSIVE;
				GCC_WARN_UNUSED_FUNCTION = YES;
				GCC_WARN_UNUSED_VARIABLE = YES;
				IPHONEOS_DEPLOYMENT_TARGET = 18.5;
				LOCALIZATION_PREFERS_STRING_CATALOGS = YES;
				MTL_ENABLE_DEBUG_INFO = NO;
				MTL_FAST_MATH = YES;
				SDKROOT = iphoneos;
				SWIFT_COMPILATION_MODE = wholemodule;
				VALIDATE_PRODUCT = YES;
			};
			name = Release;
		};
		0EC7BE042E035CC6004C4AEE /* Debug */ = {
			isa = XCBuildConfiguration;
			buildSettings = {
				ASSETCATALOG_COMPILER_APPICON_NAME = AppIcon;
				ASSETCATALOG_COMPILER_GLOBAL_ACCENT_COLOR_NAME = AccentColor;
				CODE_SIGNING_REQUIRED = NO;
				CODE_SIGN_IDENTITY = "";
				CODE_SIGN_STYLE = Manual;
				CURRENT_PROJECT_VERSION = 1;
				DEVELOPMENT_TEAM = "";
				ENABLE_PREVIEWS = YES;
				GENERATE_INFOPLIST_FILE = YES;
				INFOPLIST_KEY_UIApplicationSceneManifest_Generation = YES;
				INFOPLIST_KEY_UIApplicationSupportsIndirectInputEvents = YES;
				INFOPLIST_KEY_UILaunchScreen_Generation = YES;
				INFOPLIST_KEY_UISupportedInterfaceOrientations_iPad = "UIInterfaceOrientationPortrait UIInterfaceOrientationPortraitUpsideDown UIInterfaceOrientationLandscapeLeft UIInterfaceOrientationLandscapeRight";
				INFOPLIST_KEY_UISupportedInterfaceOrientations_iPhone = "UIInterfaceOrientationPortrait UIInterfaceOrientationLandscapeLeft UIInterfaceOrientationLandscapeRight";
				LD_RUNPATH_SEARCH_PATHS = (
					"$(inherited)",
					"@executable_path/Frameworks",
				);
				LIBRARY_SEARCH_PATHS = (
					"$(inherited)",
					"$(PROJECT_DIR)/DashHDWalletExample",
					"$(PROJECT_DIR)",
				);
				MARKETING_VERSION = 1.0;
				PRODUCT_BUNDLE_IDENTIFIER = org.dash.DashHDWalletExample;
				PRODUCT_NAME = "$(TARGET_NAME)";
				SWIFT_EMIT_LOC_STRINGS = YES;
				SWIFT_VERSION = 5.0;
				TARGETED_DEVICE_FAMILY = "1,2";
			};
			name = Debug;
		};
		0EC7BE052E035CC6004C4AEE /* Release */ = {
			isa = XCBuildConfiguration;
			buildSettings = {
				ASSETCATALOG_COMPILER_APPICON_NAME = AppIcon;
				ASSETCATALOG_COMPILER_GLOBAL_ACCENT_COLOR_NAME = AccentColor;
				CODE_SIGNING_REQUIRED = NO;
				CODE_SIGN_IDENTITY = "";
				CODE_SIGN_STYLE = Manual;
				CURRENT_PROJECT_VERSION = 1;
				DEVELOPMENT_TEAM = "";
				ENABLE_PREVIEWS = YES;
				GENERATE_INFOPLIST_FILE = YES;
				INFOPLIST_KEY_UIApplicationSceneManifest_Generation = YES;
				INFOPLIST_KEY_UIApplicationSupportsIndirectInputEvents = YES;
				INFOPLIST_KEY_UILaunchScreen_Generation = YES;
				INFOPLIST_KEY_UISupportedInterfaceOrientations_iPad = "UIInterfaceOrientationPortrait UIInterfaceOrientationPortraitUpsideDown UIInterfaceOrientationLandscapeLeft UIInterfaceOrientationLandscapeRight";
				INFOPLIST_KEY_UISupportedInterfaceOrientations_iPhone = "UIInterfaceOrientationPortrait UIInterfaceOrientationLandscapeLeft UIInterfaceOrientationLandscapeRight";
				LD_RUNPATH_SEARCH_PATHS = (
					"$(inherited)",
					"@executable_path/Frameworks",
				);
				LIBRARY_SEARCH_PATHS = (
					"$(inherited)",
					"$(PROJECT_DIR)/DashHDWalletExample",
					"$(PROJECT_DIR)",
				);
				MARKETING_VERSION = 1.0;
				PRODUCT_BUNDLE_IDENTIFIER = org.dash.DashHDWalletExample;
				PRODUCT_NAME = "$(TARGET_NAME)";
				SWIFT_EMIT_LOC_STRINGS = YES;
				SWIFT_VERSION = 5.0;
				TARGETED_DEVICE_FAMILY = "1,2";
			};
			name = Release;
		};
		0EC7BE072E035CC6004C4AEE /* Debug */ = {
			isa = XCBuildConfiguration;
			buildSettings = {
				BUNDLE_LOADER = "$(TEST_HOST)";
				CODE_SIGNING_REQUIRED = NO;
				CODE_SIGN_IDENTITY = "";
				CODE_SIGN_STYLE = Manual;
				CURRENT_PROJECT_VERSION = 1;
				DEVELOPMENT_TEAM = "";
				GENERATE_INFOPLIST_FILE = YES;
				IPHONEOS_DEPLOYMENT_TARGET = 18.5;
				MARKETING_VERSION = 1.0;
				PRODUCT_BUNDLE_IDENTIFIER = org.dash.DashHDWalletExampleTests;
				PRODUCT_NAME = "$(TARGET_NAME)";
				SWIFT_EMIT_LOC_STRINGS = NO;
				SWIFT_VERSION = 5.0;
				TARGETED_DEVICE_FAMILY = "1,2";
				TEST_HOST = "$(BUILT_PRODUCTS_DIR)/DashHDWalletExample.app/$(BUNDLE_EXECUTABLE_FOLDER_PATH)/DashHDWalletExample";
			};
			name = Debug;
		};
		0EC7BE082E035CC6004C4AEE /* Release */ = {
			isa = XCBuildConfiguration;
			buildSettings = {
				BUNDLE_LOADER = "$(TEST_HOST)";
				CODE_SIGNING_REQUIRED = NO;
				CODE_SIGN_IDENTITY = "";
				CODE_SIGN_STYLE = Manual;
				CURRENT_PROJECT_VERSION = 1;
				DEVELOPMENT_TEAM = "";
				GENERATE_INFOPLIST_FILE = YES;
				IPHONEOS_DEPLOYMENT_TARGET = 18.5;
				MARKETING_VERSION = 1.0;
				PRODUCT_BUNDLE_IDENTIFIER = org.dash.DashHDWalletExampleTests;
				PRODUCT_NAME = "$(TARGET_NAME)";
				SWIFT_EMIT_LOC_STRINGS = NO;
				SWIFT_VERSION = 5.0;
				TARGETED_DEVICE_FAMILY = "1,2";
				TEST_HOST = "$(BUILT_PRODUCTS_DIR)/DashHDWalletExample.app/$(BUNDLE_EXECUTABLE_FOLDER_PATH)/DashHDWalletExample";
			};
			name = Release;
		};
		0EC7BE0A2E035CC6004C4AEE /* Debug */ = {
			isa = XCBuildConfiguration;
			buildSettings = {
				CODE_SIGNING_REQUIRED = NO;
				CODE_SIGN_IDENTITY = "";
				CODE_SIGN_STYLE = Manual;
				CURRENT_PROJECT_VERSION = 1;
				DEVELOPMENT_TEAM = "";
				GENERATE_INFOPLIST_FILE = YES;
				MARKETING_VERSION = 1.0;
				PRODUCT_BUNDLE_IDENTIFIER = org.dash.DashHDWalletExampleUITests;
				PRODUCT_NAME = "$(TARGET_NAME)";
				SWIFT_EMIT_LOC_STRINGS = NO;
				SWIFT_VERSION = 5.0;
				TARGETED_DEVICE_FAMILY = "1,2";
				TEST_TARGET_NAME = DashHDWalletExample;
			};
			name = Debug;
		};
		0EC7BE0B2E035CC6004C4AEE /* Release */ = {
			isa = XCBuildConfiguration;
			buildSettings = {
				CODE_SIGNING_REQUIRED = NO;
				CODE_SIGN_IDENTITY = "";
				CODE_SIGN_STYLE = Manual;
				CURRENT_PROJECT_VERSION = 1;
				DEVELOPMENT_TEAM = "";
				GENERATE_INFOPLIST_FILE = YES;
				MARKETING_VERSION = 1.0;
				PRODUCT_BUNDLE_IDENTIFIER = org.dash.DashHDWalletExampleUITests;
				PRODUCT_NAME = "$(TARGET_NAME)";
				SWIFT_EMIT_LOC_STRINGS = NO;
				SWIFT_VERSION = 5.0;
				TARGETED_DEVICE_FAMILY = "1,2";
				TEST_TARGET_NAME = DashHDWalletExample;
			};
			name = Release;
		};
/* End XCBuildConfiguration section */

/* Begin XCConfigurationList section */
		0EC7BDDD2E035CC5004C4AEE /* Build configuration list for PBXProject "DashHDWalletExample" */ = {
			isa = XCConfigurationList;
			buildConfigurations = (
				0EC7BE012E035CC6004C4AEE /* Debug */,
				0EC7BE022E035CC6004C4AEE /* Release */,
			);
			defaultConfigurationIsVisible = 0;
			defaultConfigurationName = Release;
		};
		0EC7BE032E035CC6004C4AEE /* Build configuration list for PBXNativeTarget "DashHDWalletExample" */ = {
			isa = XCConfigurationList;
			buildConfigurations = (
				0EC7BE042E035CC6004C4AEE /* Debug */,
				0EC7BE052E035CC6004C4AEE /* Release */,
			);
			defaultConfigurationIsVisible = 0;
			defaultConfigurationName = Release;
		};
		0EC7BE062E035CC6004C4AEE /* Build configuration list for PBXNativeTarget "DashHDWalletExampleTests" */ = {
			isa = XCConfigurationList;
			buildConfigurations = (
				0EC7BE072E035CC6004C4AEE /* Debug */,
				0EC7BE082E035CC6004C4AEE /* Release */,
			);
			defaultConfigurationIsVisible = 0;
			defaultConfigurationName = Release;
		};
		0EC7BE092E035CC6004C4AEE /* Build configuration list for PBXNativeTarget "DashHDWalletExampleUITests" */ = {
			isa = XCConfigurationList;
			buildConfigurations = (
				0EC7BE0A2E035CC6004C4AEE /* Debug */,
				0EC7BE0B2E035CC6004C4AEE /* Release */,
			);
			defaultConfigurationIsVisible = 0;
			defaultConfigurationName = Release;
		};
/* End XCConfigurationList section */

/* Begin XCLocalSwiftPackageReference section */
		0E3256072E04BFA100586020 /* XCLocalSwiftPackageReference "../../../swift-dash-core-sdk" */ = {
			isa = XCLocalSwiftPackageReference;
			relativePath = "../../../swift-dash-core-sdk";
		};
/* End XCLocalSwiftPackageReference section */

/* Begin XCSwiftPackageProductDependency section */
		0E3256082E04BFA100586020 /* KeyWalletFFISwift */ = {
			isa = XCSwiftPackageProductDependency;
			productName = KeyWalletFFISwift;
		};
		0E32560A2E04BFA100586020 /* SwiftDashCoreSDK */ = {
			isa = XCSwiftPackageProductDependency;
			productName = SwiftDashCoreSDK;
		};
		0EA60EAA2E03663C00FEF2E0 /* SwiftDashCoreSDK */ = {
			isa = XCSwiftPackageProductDependency;
			productName = SwiftDashCoreSDK;
		};
/* End XCSwiftPackageProductDependency section */
	};
	rootObject = 0EC7BDDA2E035CC5004C4AEE /* Project object */;
}
